
Microsoft Visual Studio Solution File, Format Version 12.00
# Visual Studio Version 16
VisualStudioVersion = 16.0.28803.202
MinimumVisualStudioVersion = 10.0.40219.1
Project("{FAE04EC0-301F-11D3-BF4B-00C04F79EFBC}") = "ArduinoTesteSerialPort", "ArduinoTesteSerialPort\ArduinoTesteSerialPort.csproj", "{0F13D021-3412-440B-BE2C-DA0C47BA1D38}"
EndProject
Global
	GlobalSection(SolutionConfigurationPlatforms) = preSolution
		Debug|Any CPU = Debug|Any CPU
		Release|Any CPU = Release|Any CPU
	EndGlobalSection
	GlobalSection(ProjectConfigurationPlatforms) = postSolution
		{0F13D021-3412-440B-BE2C-DA0C47BA1D38}.Debug|Any CPU.ActiveCfg = Debug|Any CPU
		{0F13D021-3412-440B-BE2C-DA0C47BA1D38}.Debug|Any CPU.Build.0 = Debug|Any CPU
		{0F13D021-3412-440B-BE2C-DA0C47BA1D38}.Release|Any CPU.ActiveCfg = Release|Any CPU
		{0F13D021-3412-440B-BE2C-DA0C47BA1D38}.Release|Any CPU.Build.0 = Release|Any CPU
	EndGlobalSection
	GlobalSection(SolutionProperties) = preSolution
		HideSolutionNode = FALSE
	EndGlobalSection
	GlobalSection(ExtensibilityGlobals) = postSolution
		SolutionGuid = {CF76220D-083D-4CAE-97E6-5AE92F9934DE}
	EndGlobalSection
EndGlobal
